
Microsoft Visual Studio Solution File, Format Version 12.00
# Visual Studio Version 17
VisualStudioVersion = 17.4.33213.308
MinimumVisualStudioVersion = 10.0.40219.1
Project("{FAE04EC0-301F-11D3-BF4B-00C04F79EFBC}") = "Lab3", "Lab3\Lab3.csproj", "{49A65E7B-B592-47BE-B86B-1BC04CF8C4D2}"
EndProject
Global
	GlobalSection(SolutionConfigurationPlatforms) = preSolution
		Debug|Any CPU = Debug|Any CPU
		Release|Any CPU = Release|Any CPU
	EndGlobalSection
	GlobalSection(ProjectConfigurationPlatforms) = postSolution
		{49A65E7B-B592-47BE-B86B-1BC04CF8C4D2}.Debug|Any CPU.ActiveCfg = Debug|Any CPU
		{49A65E7B-B592-47BE-B86B-1BC04CF8C4D2}.Debug|Any CPU.Build.0 = Debug|Any CPU
		{49A65E7B-B592-47BE-B86B-1BC04CF8C4D2}.Release|Any CPU.ActiveCfg = Release|Any CPU
		{49A65E7B-B592-47BE-B86B-1BC04CF8C4D2}.Release|Any CPU.Build.0 = Release|Any CPU
	EndGlobalSection
	GlobalSection(SolutionProperties) = preSolution
		HideSolutionNode = FALSE
	EndGlobalSection
	GlobalSection(ExtensibilityGlobals) = postSolution
		SolutionGuid = {C0A8C6FB-E21F-40F0-8CDA-ADACDB0AB262}
	EndGlobalSection
EndGlobal
